
Microsoft Visual Studio Solution File, Format Version 12.00
# Visual Studio 15
VisualStudioVersion = 15.0.28010.2026
MinimumVisualStudioVersion = 10.0.40219.1
Project("{8BC9CEB8-8B4A-11D0-8D11-00A0C91BC942}") = "MyMatrix", "MyMatrix\MyMatrix.vcxproj", "{D37E4234-6B53-4268-9C6A-6DD174F80D1B}"
EndProject
Global
	GlobalSection(SolutionConfigurationPlatforms) = preSolution
		Debug|x64 = Debug|x64
		Debug|x86 = Debug|x86
		Release|x64 = Release|x64
		Release|x86 = Release|x86
	EndGlobalSection
	GlobalSection(ProjectConfigurationPlatforms) = postSolution
		{D37E4234-6B53-4268-9C6A-6DD174F80D1B}.Debug|x64.ActiveCfg = Debug|x64
		{D37E4234-6B53-4268-9C6A-6DD174F80D1B}.Debug|x64.Build.0 = Debug|x64
		{D37E4234-6B53-4268-9C6A-6DD174F80D1B}.Debug|x86.ActiveCfg = Debug|Win32
		{D37E4234-6B53-4268-9C6A-6DD174F80D1B}.Debug|x86.Build.0 = Debug|Win32
		{D37E4234-6B53-4268-9C6A-6DD174F80D1B}.Release|x64.ActiveCfg = Release|x64
		{D37E4234-6B53-4268-9C6A-6DD174F80D1B}.Release|x64.Build.0 = Release|x64
		{D37E4234-6B53-4268-9C6A-6DD174F80D1B}.Release|x86.ActiveCfg = Release|Win32
		{D37E4234-6B53-4268-9C6A-6DD174F80D1B}.Release|x86.Build.0 = Release|Win32
	EndGlobalSection
	GlobalSection(SolutionProperties) = preSolution
		HideSolutionNode = FALSE
	EndGlobalSection
	GlobalSection(ExtensibilityGlobals) = postSolution
		SolutionGuid = {A755F155-731F-444E-A864-C39EF8D9F365}
	EndGlobalSection
EndGlobal
